
Microsoft Visual Studio Solution File, Format Version 12.00
# Visual Studio Version 17
VisualStudioVersion = 17.11.35327.3
MinimumVisualStudioVersion = 10.0.40219.1
Project("{FAE04EC0-301F-11D3-BF4B-00C04F79EFBC}") = "ThirdLessonP01", "ThirdLessonP01.csproj", "{67E4C7D3-6823-493F-B8EF-FB055E25FFBE}"
EndProject
Global
	GlobalSection(SolutionConfigurationPlatforms) = preSolution
		Debug|Any CPU = Debug|Any CPU
		Release|Any CPU = Release|Any CPU
	EndGlobalSection
	GlobalSection(ProjectConfigurationPlatforms) = postSolution
		{67E4C7D3-6823-493F-B8EF-FB055E25FFBE}.Debug|Any CPU.ActiveCfg = Debug|Any CPU
		{67E4C7D3-6823-493F-B8EF-FB055E25FFBE}.Debug|Any CPU.Build.0 = Debug|Any CPU
		{67E4C7D3-6823-493F-B8EF-FB055E25FFBE}.Release|Any CPU.ActiveCfg = Release|Any CPU
		{67E4C7D3-6823-493F-B8EF-FB055E25FFBE}.Release|Any CPU.Build.0 = Release|Any CPU
	EndGlobalSection
	GlobalSection(SolutionProperties) = preSolution
		HideSolutionNode = FALSE
	EndGlobalSection
	GlobalSection(ExtensibilityGlobals) = postSolution
		SolutionGuid = {39768704-B75B-4060-ABDA-54DAC5AD0818}
	EndGlobalSection
EndGlobal
